
Microsoft Visual Studio Solution File, Format Version 12.00
# Visual Studio Version 17
VisualStudioVersion = 17.11.35222.181
MinimumVisualStudioVersion = 10.0.40219.1
Project("{8BC9CEB8-8B4A-11D0-8D11-00A0C91BC942}") = "015_PointerOperator", "015_PointerOperator\015_PointerOperator.vcxproj", "{06EB9B1B-834F-42EA-AEAC-36617403ED3B}"
EndProject
Project("{8BC9CEB8-8B4A-11D0-8D11-00A0C91BC942}") = "005_operator", "005_operator\005_operator.vcxproj", "{757CB8CF-5FC7-4E19-80DB-F12B32DA61A6}"
EndProject
Project("{8BC9CEB8-8B4A-11D0-8D11-00A0C91BC942}") = "012_cast", "012_cast\012_cast.vcxproj", "{7130D7DB-45BF-4813-89AB-733ACCFBD945}"
EndProject
Project("{8BC9CEB8-8B4A-11D0-8D11-00A0C91BC942}") = "028_Const001", "028_Const001\028_Const001.vcxproj", "{FCB6651C-1F3C-4381-8BBB-AC7D53E2E797}"
EndProject
Project("{2150E333-8FDC-42A3-9474-1A3956D46DE8}") = "Task", "Task", "{E43FF6E2-5FFE-4677-B43E-6A0338543280}"
EndProject
Project("{8BC9CEB8-8B4A-11D0-8D11-00A0C91BC942}") = "002_Myprintf", "002_Myprintf\002_Myprintf.vcxproj", "{7F7BC555-DDA6-478B-A635-860E3849D660}"
EndProject
Project("{8BC9CEB8-8B4A-11D0-8D11-00A0C91BC942}") = "000_StringCount", "000_StringCount\000_StringCount.vcxproj", "{5A44052E-A883-49EB-94C4-9FC5E34AABE2}"
EndProject
Project("{8BC9CEB8-8B4A-11D0-8D11-00A0C91BC942}") = "001_NumberCount", "001_NumberCount\001_NumberCount.vcxproj", "{3EDBB5E2-7E6F-4671-BBD9-C1E30E41AE8B}"
EndProject
Project("{8BC9CEB8-8B4A-11D0-8D11-00A0C91BC942}") = "002_NumberToString", "002_NumberToString\002_NumberToString.vcxproj", "{55CBA8FD-DF5F-4C05-862E-509959BEFE60}"
EndProject
Project("{8BC9CEB8-8B4A-11D0-8D11-00A0C91BC942}") = "035_MemberVarAndBytePadding", "035_MemberVarAndBytePadding\035_MemberVarAndBytePadding.vcxproj", "{0F2A5514-B067-4F7A-A154-B4B352CD3A5C}"
EndProject
Project("{8BC9CEB8-8B4A-11D0-8D11-00A0C91BC942}") = "035_MemberVarAndBytePadding2", "035_MemberVarAndBytePadding2\035_MemberVarAndBytePadding2.vcxproj", "{916808F5-1A17-4D0A-A85E-5407F741B036}"
EndProject
Project("{8BC9CEB8-8B4A-11D0-8D11-00A0C91BC942}") = "036_AccessModifilter", "036_AccessModifilter\036_AccessModifilter.vcxproj", "{D12D5AAC-C314-4BCB-B5FB-F9C3D5D1FC5B}"
EndProject
Project("{8BC9CEB8-8B4A-11D0-8D11-00A0C91BC942}") = "038_Class_Constructor", "038_Class_Constructor\038_Class_Constructor.vcxproj", "{359BC568-088C-4240-8157-4881E5FAB836}"
EndProject
Project("{8BC9CEB8-8B4A-11D0-8D11-00A0C91BC942}") = "049_ClassOperatorEx", "049_ClassOperatorEx\049_ClassOperatorEx.vcxproj", "{01930AA1-2FA1-40E4-A0B4-E8B6FF0A40FD}"
EndProject
Project("{8BC9CEB8-8B4A-11D0-8D11-00A0C91BC942}") = "050_cout", "050_cout\050_cout.vcxproj", "{A59E173C-32F0-4F06-89BC-88A9318ADE9E}"
EndProject
Project("{8BC9CEB8-8B4A-11D0-8D11-00A0C91BC942}") = "034_Method", "034_Method\034_Method.vcxproj", "{FE399FFD-DDCC-4E33-BD93-514630EC1ADC}"
EndProject
Project("{8BC9CEB8-8B4A-11D0-8D11-00A0C91BC942}") = "037_AcessModifilter2", "037_AcessModifilter2\037_AcessModifilter2.vcxproj", "{6B5B16B0-D335-4B43-A5B5-9E5C811B6D7D}"
EndProject
Project("{8BC9CEB8-8B4A-11D0-8D11-00A0C91BC942}") = "039_MemberInit", "039_MemberInit\039_MemberInit.vcxproj", "{205E41DF-EF95-4B6E-9F83-77DE644E9F47}"
EndProject
Project("{8BC9CEB8-8B4A-11D0-8D11-00A0C91BC942}") = "031_Random", "031_Random\031_Random.vcxproj", "{790422BE-BDD9-4DC9-9815-EABFA3262126}"
EndProject
Project("{8BC9CEB8-8B4A-11D0-8D11-00A0C91BC942}") = "039_FunctionOverloading", "039_FunctionOverloading\039_FunctionOverloading.vcxproj", "{228B2BB8-0D3A-4932-8F64-DF6BA3257868}"
EndProject
Project("{8BC9CEB8-8B4A-11D0-8D11-00A0C91BC942}") = "040_this", "040_this\040_this.vcxproj", "{88484501-F278-454E-A650-DB3B9B6DBEEB}"
EndProject
Project("{8BC9CEB8-8B4A-11D0-8D11-00A0C91BC942}") = "041_Inline", "041_Inline\041_Inline.vcxproj", "{BE986FFC-AEAE-48C4-A702-CC47F98D9536}"
EndProject
Project("{8BC9CEB8-8B4A-11D0-8D11-00A0C91BC942}") = "042_Inheritance", "042_Inheritance\042_Inheritance.vcxproj", "{4A6DBADF-72A9-463C-BB74-822531D29AC9}"
EndProject
Project("{8BC9CEB8-8B4A-11D0-8D11-00A0C91BC942}") = "047_ClassOperator", "047_ClassOperator\047_ClassOperator.vcxproj", "{493850E5-E935-47D4-AB12-0FC6E2E9A2A2}"
EndProject
Project("{8BC9CEB8-8B4A-11D0-8D11-00A0C91BC942}") = "045_TypedefAndUsing", "045_TypedefAndUsing\045_TypedefAndUsing.vcxproj", "{F1774581-05D2-44D3-84BA-32CDBC216102}"
EndProject
Project("{8BC9CEB8-8B4A-11D0-8D11-00A0C91BC942}") = "044_Assert", "044_Assert\044_Assert.vcxproj", "{454E630A-C8D3-4A46-AD73-2A9062F07120}"
EndProject
Project("{8BC9CEB8-8B4A-11D0-8D11-00A0C91BC942}") = "052_PragmaOnce", "052_PragmaOnce\052_PragmaOnce.vcxproj", "{D7F0F242-FD1B-45F2-9385-D4FF5FBA623D}"
EndProject
Project("{8BC9CEB8-8B4A-11D0-8D11-00A0C91BC942}") = "051_GlobalOperator", "051_GlobalOperator\051_GlobalOperator.vcxproj", "{0F88BEB4-886C-4AAE-8409-C17CF8BBAD48}"
EndProject
Project("{8BC9CEB8-8B4A-11D0-8D11-00A0C91BC942}") = "055_VoidPtr", "055_VoidPtr\055_VoidPtr.vcxproj", "{9AD29959-5333-4721-B670-D0130BA46D34}"
EndProject
Project("{8BC9CEB8-8B4A-11D0-8D11-00A0C91BC942}") = "054_FileIO", "054_FileIO\054_FileIO.vcxproj", "{F8C2AD60-F71B-497B-A535-97668D998C7F}"
EndProject
Project("{8BC9CEB8-8B4A-11D0-8D11-00A0C91BC942}") = "057_FunctionPtr", "057_FunctionPtr\057_FunctionPtr.vcxproj", "{5306B9B3-041B-42AB-B796-2D8C7327EBFD}"
EndProject
Project("{8BC9CEB8-8B4A-11D0-8D11-00A0C91BC942}") = "058_Virtual", "058_Virtual\058_Virtual.vcxproj", "{C76381CE-4880-42D9-91B9-77EE4719A495}"
EndProject
Project("{8BC9CEB8-8B4A-11D0-8D11-00A0C91BC942}") = "058_UpDownCasting", "058_UpDownCasting\058_UpDownCasting.vcxproj", "{5D2EF623-F779-4AD9-91D0-91BC6C582B02}"
EndProject
Project("{2150E333-8FDC-42A3-9474-1A3956D46DE8}") = "TextRPG", "TextRPG", "{3C34C96D-EBF4-4D27-BA1E-422A35F48F66}"
EndProject
Project("{8BC9CEB8-8B4A-11D0-8D11-00A0C91BC942}") = "003_TextRPG", "003_TextRPG\003_TextRPG.vcxproj", "{55FBAC7D-6104-4937-B1D1-4A44706C66C2}"
EndProject
Project("{8BC9CEB8-8B4A-11D0-8D11-00A0C91BC942}") = "BaseSystem", "BaseSystem\BaseSystem.vcxproj", "{0ACEBF45-8515-409B-99DE-190CD392A6FC}"
EndProject
Project("{2150E333-8FDC-42A3-9474-1A3956D46DE8}") = "Framework", "Framework", "{0E6AA47B-C5FD-4F92-95C9-D33CF0725956}"
EndProject
Project("{8BC9CEB8-8B4A-11D0-8D11-00A0C91BC942}") = "060_OperatorEx2", "060_OperatorEx2\060_OperatorEx2.vcxproj", "{2960558B-5101-4D69-9C9E-2C2827A2A622}"
EndProject
Project("{8BC9CEB8-8B4A-11D0-8D11-00A0C91BC942}") = "065_enum", "065_enum\065_enum.vcxproj", "{BEE4328B-586D-472F-857C-9155E935240D}"
EndProject
Project("{8BC9CEB8-8B4A-11D0-8D11-00A0C91BC942}") = "066_PureVirtual", "066_PureVirtual\066_PureVirtual.vcxproj", "{7869B7FA-EF27-42F5-BEAF-2A7780F274DA}"
EndProject
Project("{8BC9CEB8-8B4A-11D0-8D11-00A0C91BC942}") = "067_new", "067_new\067_new.vcxproj", "{DBBE5569-9DD6-48ED-9029-E760DC65528F}"
EndProject
Project("{2150E333-8FDC-42A3-9474-1A3956D46DE8}") = "Game", "Game", "{847E0FF8-B235-439E-B2AF-02F179D8E652}"
EndProject
Project("{8BC9CEB8-8B4A-11D0-8D11-00A0C91BC942}") = "001_ConsoleGame", "001_ConsoleGame\001_ConsoleGame.vcxproj", "{C6DFB3FE-D062-4771-9B9F-AE8F4489DAFD}"
EndProject
Project("{8BC9CEB8-8B4A-11D0-8D11-00A0C91BC942}") = "068_DimensionArr", "068_DimensionArr\068_DimensionArr.vcxproj", "{28857F56-171A-4D62-9FCC-4043419E89B7}"
EndProject
Project("{8BC9CEB8-8B4A-11D0-8D11-00A0C91BC942}") = "069_Delete", "069_Delete\069_Delete.vcxproj", "{CBC55DBE-B183-4171-A8C3-393229F365F0}"
EndProject
Project("{8BC9CEB8-8B4A-11D0-8D11-00A0C91BC942}") = "072_DefaultParameter", "072_DefaultParameter\072_DefaultParameter.vcxproj", "{B4919FE2-1E0F-4CE7-8E74-F2E46A372918}"
EndProject
Project("{8BC9CEB8-8B4A-11D0-8D11-00A0C91BC942}") = "071_DanglingPointer", "071_DanglingPointer\071_DanglingPointer.vcxproj", "{D83ADC68-8A19-47F2-8756-D21666D6CDC6}"
EndProject
Project("{8BC9CEB8-8B4A-11D0-8D11-00A0C91BC942}") = "000_DoublePtr", "000_DoublePtr\000_DoublePtr.vcxproj", "{580E0B04-02E0-469D-B052-7144424FB14D}"
EndProject
Project("{2150E333-8FDC-42A3-9474-1A3956D46DE8}") = "DataStruct", "DataStruct", "{A02887B5-DC0C-4BCA-91C3-99E4C65203E9}"
EndProject
Project("{8BC9CEB8-8B4A-11D0-8D11-00A0C91BC942}") = "Vector", "Vector\Vector.vcxproj", "{72A09B70-54C3-4A52-986A-B2D2B6398D30}"
EndProject
Global
	GlobalSection(SolutionConfigurationPlatforms) = preSolution
		Debug|x64 = Debug|x64
		Debug|x86 = Debug|x86
		Release|x64 = Release|x64
		Release|x86 = Release|x86
	EndGlobalSection
	GlobalSection(ProjectConfigurationPlatforms) = postSolution
		{06EB9B1B-834F-42EA-AEAC-36617403ED3B}.Debug|x64.ActiveCfg = Debug|x64
		{06EB9B1B-834F-42EA-AEAC-36617403ED3B}.Debug|x64.Build.0 = Debug|x64
		{06EB9B1B-834F-42EA-AEAC-36617403ED3B}.Debug|x86.ActiveCfg = Debug|Win32
		{06EB9B1B-834F-42EA-AEAC-36617403ED3B}.Debug|x86.Build.0 = Debug|Win32
		{06EB9B1B-834F-42EA-AEAC-36617403ED3B}.Release|x64.ActiveCfg = Release|x64
		{06EB9B1B-834F-42EA-AEAC-36617403ED3B}.Release|x64.Build.0 = Release|x64
		{06EB9B1B-834F-42EA-AEAC-36617403ED3B}.Release|x86.ActiveCfg = Release|Win32
		{06EB9B1B-834F-42EA-AEAC-36617403ED3B}.Release|x86.Build.0 = Release|Win32
		{757CB8CF-5FC7-4E19-80DB-F12B32DA61A6}.Debug|x64.ActiveCfg = Debug|x64
		{757CB8CF-5FC7-4E19-80DB-F12B32DA61A6}.Debug|x64.Build.0 = Debug|x64
		{757CB8CF-5FC7-4E19-80DB-F12B32DA61A6}.Debug|x86.ActiveCfg = Debug|Win32
		{757CB8CF-5FC7-4E19-80DB-F12B32DA61A6}.Debug|x86.Build.0 = Debug|Win32
		{757CB8CF-5FC7-4E19-80DB-F12B32DA61A6}.Release|x64.ActiveCfg = Release|x64
		{757CB8CF-5FC7-4E19-80DB-F12B32DA61A6}.Release|x64.Build.0 = Release|x64
		{757CB8CF-5FC7-4E19-80DB-F12B32DA61A6}.Release|x86.ActiveCfg = Release|Win32
		{757CB8CF-5FC7-4E19-80DB-F12B32DA61A6}.Release|x86.Build.0 = Release|Win32
		{7130D7DB-45BF-4813-89AB-733ACCFBD945}.Debug|x64.ActiveCfg = Debug|x64
		{7130D7DB-45BF-4813-89AB-733ACCFBD945}.Debug|x64.Build.0 = Debug|x64
		{7130D7DB-45BF-4813-89AB-733ACCFBD945}.Debug|x86.ActiveCfg = Debug|Win32
		{7130D7DB-45BF-4813-89AB-733ACCFBD945}.Debug|x86.Build.0 = Debug|Win32
		{7130D7DB-45BF-4813-89AB-733ACCFBD945}.Release|x64.ActiveCfg = Release|x64
		{7130D7DB-45BF-4813-89AB-733ACCFBD945}.Release|x64.Build.0 = Release|x64
		{7130D7DB-45BF-4813-89AB-733ACCFBD945}.Release|x86.ActiveCfg = Release|Win32
		{7130D7DB-45BF-4813-89AB-733ACCFBD945}.Release|x86.Build.0 = Release|Win32
		{FCB6651C-1F3C-4381-8BBB-AC7D53E2E797}.Debug|x64.ActiveCfg = Debug|x64
		{FCB6651C-1F3C-4381-8BBB-AC7D53E2E797}.Debug|x64.Build.0 = Debug|x64
		{FCB6651C-1F3C-4381-8BBB-AC7D53E2E797}.Debug|x86.ActiveCfg = Debug|Win32
		{FCB6651C-1F3C-4381-8BBB-AC7D53E2E797}.Debug|x86.Build.0 = Debug|Win32
		{FCB6651C-1F3C-4381-8BBB-AC7D53E2E797}.Release|x64.ActiveCfg = Release|x64
		{FCB6651C-1F3C-4381-8BBB-AC7D53E2E797}.Release|x64.Build.0 = Release|x64
		{FCB6651C-1F3C-4381-8BBB-AC7D53E2E797}.Release|x86.ActiveCfg = Release|Win32
		{FCB6651C-1F3C-4381-8BBB-AC7D53E2E797}.Release|x86.Build.0 = Release|Win32
		{7F7BC555-DDA6-478B-A635-860E3849D660}.Debug|x64.ActiveCfg = Debug|x64
		{7F7BC555-DDA6-478B-A635-860E3849D660}.Debug|x64.Build.0 = Debug|x64
		{7F7BC555-DDA6-478B-A635-860E3849D660}.Debug|x86.ActiveCfg = Debug|Win32
		{7F7BC555-DDA6-478B-A635-860E3849D660}.Debug|x86.Build.0 = Debug|Win32
		{7F7BC555-DDA6-478B-A635-860E3849D660}.Release|x64.ActiveCfg = Release|x64
		{7F7BC555-DDA6-478B-A635-860E3849D660}.Release|x64.Build.0 = Release|x64
		{7F7BC555-DDA6-478B-A635-860E3849D660}.Release|x86.ActiveCfg = Release|Win32
		{7F7BC555-DDA6-478B-A635-860E3849D660}.Release|x86.Build.0 = Release|Win32
		{5A44052E-A883-49EB-94C4-9FC5E34AABE2}.Debug|x64.ActiveCfg = Debug|x64
		{5A44052E-A883-49EB-94C4-9FC5E34AABE2}.Debug|x64.Build.0 = Debug|x64
		{5A44052E-A883-49EB-94C4-9FC5E34AABE2}.Debug|x86.ActiveCfg = Debug|Win32
		{5A44052E-A883-49EB-94C4-9FC5E34AABE2}.Debug|x86.Build.0 = Debug|Win32
		{5A44052E-A883-49EB-94C4-9FC5E34AABE2}.Release|x64.ActiveCfg = Release|x64
		{5A44052E-A883-49EB-94C4-9FC5E34AABE2}.Release|x64.Build.0 = Release|x64
		{5A44052E-A883-49EB-94C4-9FC5E34AABE2}.Release|x86.ActiveCfg = Release|Win32
		{5A44052E-A883-49EB-94C4-9FC5E34AABE2}.Release|x86.Build.0 = Release|Win32
		{3EDBB5E2-7E6F-4671-BBD9-C1E30E41AE8B}.Debug|x64.ActiveCfg = Debug|x64
		{3EDBB5E2-7E6F-4671-BBD9-C1E30E41AE8B}.Debug|x64.Build.0 = Debug|x64
		{3EDBB5E2-7E6F-4671-BBD9-C1E30E41AE8B}.Debug|x86.ActiveCfg = Debug|Win32
		{3EDBB5E2-7E6F-4671-BBD9-C1E30E41AE8B}.Debug|x86.Build.0 = Debug|Win32
		{3EDBB5E2-7E6F-4671-BBD9-C1E30E41AE8B}.Release|x64.ActiveCfg = Release|x64
		{3EDBB5E2-7E6F-4671-BBD9-C1E30E41AE8B}.Release|x64.Build.0 = Release|x64
		{3EDBB5E2-7E6F-4671-BBD9-C1E30E41AE8B}.Release|x86.ActiveCfg = Release|Win32
		{3EDBB5E2-7E6F-4671-BBD9-C1E30E41AE8B}.Release|x86.Build.0 = Release|Win32
		{55CBA8FD-DF5F-4C05-862E-509959BEFE60}.Debug|x64.ActiveCfg = Debug|x64
		{55CBA8FD-DF5F-4C05-862E-509959BEFE60}.Debug|x64.Build.0 = Debug|x64
		{55CBA8FD-DF5F-4C05-862E-509959BEFE60}.Debug|x86.ActiveCfg = Debug|Win32
		{55CBA8FD-DF5F-4C05-862E-509959BEFE60}.Debug|x86.Build.0 = Debug|Win32
		{55CBA8FD-DF5F-4C05-862E-509959BEFE60}.Release|x64.ActiveCfg = Release|x64
		{55CBA8FD-DF5F-4C05-862E-509959BEFE60}.Release|x64.Build.0 = Release|x64
		{55CBA8FD-DF5F-4C05-862E-509959BEFE60}.Release|x86.ActiveCfg = Release|Win32
		{55CBA8FD-DF5F-4C05-862E-509959BEFE60}.Release|x86.Build.0 = Release|Win32
		{0F2A5514-B067-4F7A-A154-B4B352CD3A5C}.Debug|x64.ActiveCfg = Debug|x64
		{0F2A5514-B067-4F7A-A154-B4B352CD3A5C}.Debug|x64.Build.0 = Debug|x64
		{0F2A5514-B067-4F7A-A154-B4B352CD3A5C}.Debug|x86.ActiveCfg = Debug|Win32
		{0F2A5514-B067-4F7A-A154-B4B352CD3A5C}.Debug|x86.Build.0 = Debug|Win32
		{0F2A5514-B067-4F7A-A154-B4B352CD3A5C}.Release|x64.ActiveCfg = Release|x64
		{0F2A5514-B067-4F7A-A154-B4B352CD3A5C}.Release|x64.Build.0 = Release|x64
		{0F2A5514-B067-4F7A-A154-B4B352CD3A5C}.Release|x86.ActiveCfg = Release|Win32
		{0F2A5514-B067-4F7A-A154-B4B352CD3A5C}.Release|x86.Build.0 = Release|Win32
		{916808F5-1A17-4D0A-A85E-5407F741B036}.Debug|x64.ActiveCfg = Debug|x64
		{916808F5-1A17-4D0A-A85E-5407F741B036}.Debug|x64.Build.0 = Debug|x64
		{916808F5-1A17-4D0A-A85E-5407F741B036}.Debug|x86.ActiveCfg = Debug|Win32
		{916808F5-1A17-4D0A-A85E-5407F741B036}.Debug|x86.Build.0 = Debug|Win32
		{916808F5-1A17-4D0A-A85E-5407F741B036}.Release|x64.ActiveCfg = Release|x64
		{916808F5-1A17-4D0A-A85E-5407F741B036}.Release|x64.Build.0 = Release|x64
		{916808F5-1A17-4D0A-A85E-5407F741B036}.Release|x86.ActiveCfg = Release|Win32
		{916808F5-1A17-4D0A-A85E-5407F741B036}.Release|x86.Build.0 = Release|Win32
		{D12D5AAC-C314-4BCB-B5FB-F9C3D5D1FC5B}.Debug|x64.ActiveCfg = Debug|x64
		{D12D5AAC-C314-4BCB-B5FB-F9C3D5D1FC5B}.Debug|x64.Build.0 = Debug|x64
		{D12D5AAC-C314-4BCB-B5FB-F9C3D5D1FC5B}.Debug|x86.ActiveCfg = Debug|Win32
		{D12D5AAC-C314-4BCB-B5FB-F9C3D5D1FC5B}.Debug|x86.Build.0 = Debug|Win32
		{D12D5AAC-C314-4BCB-B5FB-F9C3D5D1FC5B}.Release|x64.ActiveCfg = Release|x64
		{D12D5AAC-C314-4BCB-B5FB-F9C3D5D1FC5B}.Release|x64.Build.0 = Release|x64
		{D12D5AAC-C314-4BCB-B5FB-F9C3D5D1FC5B}.Release|x86.ActiveCfg = Release|Win32
		{D12D5AAC-C314-4BCB-B5FB-F9C3D5D1FC5B}.Release|x86.Build.0 = Release|Win32
		{359BC568-088C-4240-8157-4881E5FAB836}.Debug|x64.ActiveCfg = Debug|x64
		{359BC568-088C-4240-8157-4881E5FAB836}.Debug|x64.Build.0 = Debug|x64
		{359BC568-088C-4240-8157-4881E5FAB836}.Debug|x86.ActiveCfg = Debug|Win32
		{359BC568-088C-4240-8157-4881E5FAB836}.Debug|x86.Build.0 = Debug|Win32
		{359BC568-088C-4240-8157-4881E5FAB836}.Release|x64.ActiveCfg = Release|x64
		{359BC568-088C-4240-8157-4881E5FAB836}.Release|x64.Build.0 = Release|x64
		{359BC568-088C-4240-8157-4881E5FAB836}.Release|x86.ActiveCfg = Release|Win32
		{359BC568-088C-4240-8157-4881E5FAB836}.Release|x86.Build.0 = Release|Win32
		{01930AA1-2FA1-40E4-A0B4-E8B6FF0A40FD}.Debug|x64.ActiveCfg = Debug|x64
		{01930AA1-2FA1-40E4-A0B4-E8B6FF0A40FD}.Debug|x64.Build.0 = Debug|x64
		{01930AA1-2FA1-40E4-A0B4-E8B6FF0A40FD}.Debug|x86.ActiveCfg = Debug|Win32
		{01930AA1-2FA1-40E4-A0B4-E8B6FF0A40FD}.Debug|x86.Build.0 = Debug|Win32
		{01930AA1-2FA1-40E4-A0B4-E8B6FF0A40FD}.Release|x64.ActiveCfg = Release|x64
		{01930AA1-2FA1-40E4-A0B4-E8B6FF0A40FD}.Release|x64.Build.0 = Release|x64
		{01930AA1-2FA1-40E4-A0B4-E8B6FF0A40FD}.Release|x86.ActiveCfg = Release|Win32
		{01930AA1-2FA1-40E4-A0B4-E8B6FF0A40FD}.Release|x86.Build.0 = Release|Win32
		{A59E173C-32F0-4F06-89BC-88A9318ADE9E}.Debug|x64.ActiveCfg = Debug|x64
		{A59E173C-32F0-4F06-89BC-88A9318ADE9E}.Debug|x64.Build.0 = Debug|x64
		{A59E173C-32F0-4F06-89BC-88A9318ADE9E}.Debug|x86.ActiveCfg = Debug|Win32
		{A59E173C-32F0-4F06-89BC-88A9318ADE9E}.Debug|x86.Build.0 = Debug|Win32
		{A59E173C-32F0-4F06-89BC-88A9318ADE9E}.Release|x64.ActiveCfg = Release|x64
		{A59E173C-32F0-4F06-89BC-88A9318ADE9E}.Release|x64.Build.0 = Release|x64
		{A59E173C-32F0-4F06-89BC-88A9318ADE9E}.Release|x86.ActiveCfg = Release|Win32
		{A59E173C-32F0-4F06-89BC-88A9318ADE9E}.Release|x86.Build.0 = Release|Win32
		{FE399FFD-DDCC-4E33-BD93-514630EC1ADC}.Debug|x64.ActiveCfg = Debug|x64
		{FE399FFD-DDCC-4E33-BD93-514630EC1ADC}.Debug|x64.Build.0 = Debug|x64
		{FE399FFD-DDCC-4E33-BD93-514630EC1ADC}.Debug|x86.ActiveCfg = Debug|Win32
		{FE399FFD-DDCC-4E33-BD93-514630EC1ADC}.Debug|x86.Build.0 = Debug|Win32
		{FE399FFD-DDCC-4E33-BD93-514630EC1ADC}.Release|x64.ActiveCfg = Release|x64
		{FE399FFD-DDCC-4E33-BD93-514630EC1ADC}.Release|x64.Build.0 = Release|x64
		{FE399FFD-DDCC-4E33-BD93-514630EC1ADC}.Release|x86.ActiveCfg = Release|Win32
		{FE399FFD-DDCC-4E33-BD93-514630EC1ADC}.Release|x86.Build.0 = Release|Win32
		{6B5B16B0-D335-4B43-A5B5-9E5C811B6D7D}.Debug|x64.ActiveCfg = Debug|x64
		{6B5B16B0-D335-4B43-A5B5-9E5C811B6D7D}.Debug|x64.Build.0 = Debug|x64
		{6B5B16B0-D335-4B43-A5B5-9E5C811B6D7D}.Debug|x86.ActiveCfg = Debug|Win32
		{6B5B16B0-D335-4B43-A5B5-9E5C811B6D7D}.Debug|x86.Build.0 = Debug|Win32
		{6B5B16B0-D335-4B43-A5B5-9E5C811B6D7D}.Release|x64.ActiveCfg = Release|x64
		{6B5B16B0-D335-4B43-A5B5-9E5C811B6D7D}.Release|x64.Build.0 = Release|x64
		{6B5B16B0-D335-4B43-A5B5-9E5C811B6D7D}.Release|x86.ActiveCfg = Release|Win32
		{6B5B16B0-D335-4B43-A5B5-9E5C811B6D7D}.Release|x86.Build.0 = Release|Win32
		{205E41DF-EF95-4B6E-9F83-77DE644E9F47}.Debug|x64.ActiveCfg = Debug|x64
		{205E41DF-EF95-4B6E-9F83-77DE644E9F47}.Debug|x64.Build.0 = Debug|x64
		{205E41DF-EF95-4B6E-9F83-77DE644E9F47}.Debug|x86.ActiveCfg = Debug|Win32
		{205E41DF-EF95-4B6E-9F83-77DE644E9F47}.Debug|x86.Build.0 = Debug|Win32
		{205E41DF-EF95-4B6E-9F83-77DE644E9F47}.Release|x64.ActiveCfg = Release|x64
		{205E41DF-EF95-4B6E-9F83-77DE644E9F47}.Release|x64.Build.0 = Release|x64
		{205E41DF-EF95-4B6E-9F83-77DE644E9F47}.Release|x86.ActiveCfg = Release|Win32
		{205E41DF-EF95-4B6E-9F83-77DE644E9F47}.Release|x86.Build.0 = Release|Win32
		{790422BE-BDD9-4DC9-9815-EABFA3262126}.Debug|x64.ActiveCfg = Debug|x64
		{790422BE-BDD9-4DC9-9815-EABFA3262126}.Debug|x64.Build.0 = Debug|x64
		{790422BE-BDD9-4DC9-9815-EABFA3262126}.Debug|x86.ActiveCfg = Debug|Win32
		{790422BE-BDD9-4DC9-9815-EABFA3262126}.Debug|x86.Build.0 = Debug|Win32
		{790422BE-BDD9-4DC9-9815-EABFA3262126}.Release|x64.ActiveCfg = Release|x64
		{790422BE-BDD9-4DC9-9815-EABFA3262126}.Release|x64.Build.0 = Release|x64
		{790422BE-BDD9-4DC9-9815-EABFA3262126}.Release|x86.ActiveCfg = Release|Win32
		{790422BE-BDD9-4DC9-9815-EABFA3262126}.Release|x86.Build.0 = Release|Win32
		{228B2BB8-0D3A-4932-8F64-DF6BA3257868}.Debug|x64.ActiveCfg = Debug|x64
		{228B2BB8-0D3A-4932-8F64-DF6BA3257868}.Debug|x64.Build.0 = Debug|x64
		{228B2BB8-0D3A-4932-8F64-DF6BA3257868}.Debug|x86.ActiveCfg = Debug|Win32
		{228B2BB8-0D3A-4932-8F64-DF6BA3257868}.Debug|x86.Build.0 = Debug|Win32
		{228B2BB8-0D3A-4932-8F64-DF6BA3257868}.Release|x64.ActiveCfg = Release|x64
		{228B2BB8-0D3A-4932-8F64-DF6BA3257868}.Release|x64.Build.0 = Release|x64
		{228B2BB8-0D3A-4932-8F64-DF6BA3257868}.Release|x86.ActiveCfg = Release|Win32
		{228B2BB8-0D3A-4932-8F64-DF6BA3257868}.Release|x86.Build.0 = Release|Win32
		{88484501-F278-454E-A650-DB3B9B6DBEEB}.Debug|x64.ActiveCfg = Debug|x64
		{88484501-F278-454E-A650-DB3B9B6DBEEB}.Debug|x64.Build.0 = Debug|x64
		{88484501-F278-454E-A650-DB3B9B6DBEEB}.Debug|x86.ActiveCfg = Debug|Win32
		{88484501-F278-454E-A650-DB3B9B6DBEEB}.Debug|x86.Build.0 = Debug|Win32
		{88484501-F278-454E-A650-DB3B9B6DBEEB}.Release|x64.ActiveCfg = Release|x64
		{88484501-F278-454E-A650-DB3B9B6DBEEB}.Release|x64.Build.0 = Release|x64
		{88484501-F278-454E-A650-DB3B9B6DBEEB}.Release|x86.ActiveCfg = Release|Win32
		{88484501-F278-454E-A650-DB3B9B6DBEEB}.Release|x86.Build.0 = Release|Win32
		{BE986FFC-AEAE-48C4-A702-CC47F98D9536}.Debug|x64.ActiveCfg = Debug|x64
		{BE986FFC-AEAE-48C4-A702-CC47F98D9536}.Debug|x64.Build.0 = Debug|x64
		{BE986FFC-AEAE-48C4-A702-CC47F98D9536}.Debug|x86.ActiveCfg = Debug|Win32
		{BE986FFC-AEAE-48C4-A702-CC47F98D9536}.Debug|x86.Build.0 = Debug|Win32
		{BE986FFC-AEAE-48C4-A702-CC47F98D9536}.Release|x64.ActiveCfg = Release|x64
		{BE986FFC-AEAE-48C4-A702-CC47F98D9536}.Release|x64.Build.0 = Release|x64
		{BE986FFC-AEAE-48C4-A702-CC47F98D9536}.Release|x86.ActiveCfg = Release|Win32
		{BE986FFC-AEAE-48C4-A702-CC47F98D9536}.Release|x86.Build.0 = Release|Win32
		{4A6DBADF-72A9-463C-BB74-822531D29AC9}.Debug|x64.ActiveCfg = Debug|x64
		{4A6DBADF-72A9-463C-BB74-822531D29AC9}.Debug|x64.Build.0 = Debug|x64
		{4A6DBADF-72A9-463C-BB74-822531D29AC9}.Debug|x86.ActiveCfg = Debug|Win32
		{4A6DBADF-72A9-463C-BB74-822531D29AC9}.Debug|x86.Build.0 = Debug|Win32
		{4A6DBADF-72A9-463C-BB74-822531D29AC9}.Release|x64.ActiveCfg = Release|x64
		{4A6DBADF-72A9-463C-BB74-822531D29AC9}.Release|x64.Build.0 = Release|x64
		{4A6DBADF-72A9-463C-BB74-822531D29AC9}.Release|x86.ActiveCfg = Release|Win32
		{4A6DBADF-72A9-463C-BB74-822531D29AC9}.Release|x86.Build.0 = Release|Win32
		{493850E5-E935-47D4-AB12-0FC6E2E9A2A2}.Debug|x64.ActiveCfg = Debug|x64
		{493850E5-E935-47D4-AB12-0FC6E2E9A2A2}.Debug|x64.Build.0 = Debug|x64
		{493850E5-E935-47D4-AB12-0FC6E2E9A2A2}.Debug|x86.ActiveCfg = Debug|Win32
		{493850E5-E935-47D4-AB12-0FC6E2E9A2A2}.Debug|x86.Build.0 = Debug|Win32
		{493850E5-E935-47D4-AB12-0FC6E2E9A2A2}.Release|x64.ActiveCfg = Release|x64
		{493850E5-E935-47D4-AB12-0FC6E2E9A2A2}.Release|x64.Build.0 = Release|x64
		{493850E5-E935-47D4-AB12-0FC6E2E9A2A2}.Release|x86.ActiveCfg = Release|Win32
		{493850E5-E935-47D4-AB12-0FC6E2E9A2A2}.Release|x86.Build.0 = Release|Win32
		{F1774581-05D2-44D3-84BA-32CDBC216102}.Debug|x64.ActiveCfg = Debug|x64
		{F1774581-05D2-44D3-84BA-32CDBC216102}.Debug|x64.Build.0 = Debug|x64
		{F1774581-05D2-44D3-84BA-32CDBC216102}.Debug|x86.ActiveCfg = Debug|Win32
		{F1774581-05D2-44D3-84BA-32CDBC216102}.Debug|x86.Build.0 = Debug|Win32
		{F1774581-05D2-44D3-84BA-32CDBC216102}.Release|x64.ActiveCfg = Release|x64
		{F1774581-05D2-44D3-84BA-32CDBC216102}.Release|x64.Build.0 = Release|x64
		{F1774581-05D2-44D3-84BA-32CDBC216102}.Release|x86.ActiveCfg = Release|Win32
		{F1774581-05D2-44D3-84BA-32CDBC216102}.Release|x86.Build.0 = Release|Win32
		{454E630A-C8D3-4A46-AD73-2A9062F07120}.Debug|x64.ActiveCfg = Debug|x64
		{454E630A-C8D3-4A46-AD73-2A9062F07120}.Debug|x64.Build.0 = Debug|x64
		{454E630A-C8D3-4A46-AD73-2A9062F07120}.Debug|x86.ActiveCfg = Debug|Win32
		{454E630A-C8D3-4A46-AD73-2A9062F07120}.Debug|x86.Build.0 = Debug|Win32
		{454E630A-C8D3-4A46-AD73-2A9062F07120}.Release|x64.ActiveCfg = Release|x64
		{454E630A-C8D3-4A46-AD73-2A9062F07120}.Release|x64.Build.0 = Release|x64
		{454E630A-C8D3-4A46-AD73-2A9062F07120}.Release|x86.ActiveCfg = Release|Win32
		{454E630A-C8D3-4A46-AD73-2A9062F07120}.Release|x86.Build.0 = Release|Win32
		{D7F0F242-FD1B-45F2-9385-D4FF5FBA623D}.Debug|x64.ActiveCfg = Debug|x64
		{D7F0F242-FD1B-45F2-9385-D4FF5FBA623D}.Debug|x64.Build.0 = Debug|x64
		{D7F0F242-FD1B-45F2-9385-D4FF5FBA623D}.Debug|x86.ActiveCfg = Debug|Win32
		{D7F0F242-FD1B-45F2-9385-D4FF5FBA623D}.Debug|x86.Build.0 = Debug|Win32
		{D7F0F242-FD1B-45F2-9385-D4FF5FBA623D}.Release|x64.ActiveCfg = Release|x64
		{D7F0F242-FD1B-45F2-9385-D4FF5FBA623D}.Release|x64.Build.0 = Release|x64
		{D7F0F242-FD1B-45F2-9385-D4FF5FBA623D}.Release|x86.ActiveCfg = Release|Win32
		{D7F0F242-FD1B-45F2-9385-D4FF5FBA623D}.Release|x86.Build.0 = Release|Win32
		{0F88BEB4-886C-4AAE-8409-C17CF8BBAD48}.Debug|x64.ActiveCfg = Debug|x64
		{0F88BEB4-886C-4AAE-8409-C17CF8BBAD48}.Debug|x64.Build.0 = Debug|x64
		{0F88BEB4-886C-4AAE-8409-C17CF8BBAD48}.Debug|x86.ActiveCfg = Debug|Win32
		{0F88BEB4-886C-4AAE-8409-C17CF8BBAD48}.Debug|x86.Build.0 = Debug|Win32
		{0F88BEB4-886C-4AAE-8409-C17CF8BBAD48}.Release|x64.ActiveCfg = Release|x64
		{0F88BEB4-886C-4AAE-8409-C17CF8BBAD48}.Release|x64.Build.0 = Release|x64
		{0F88BEB4-886C-4AAE-8409-C17CF8BBAD48}.Release|x86.ActiveCfg = Release|Win32
		{0F88BEB4-886C-4AAE-8409-C17CF8BBAD48}.Release|x86.Build.0 = Release|Win32
		{9AD29959-5333-4721-B670-D0130BA46D34}.Debug|x64.ActiveCfg = Debug|x64
		{9AD29959-5333-4721-B670-D0130BA46D34}.Debug|x64.Build.0 = Debug|x64
		{9AD29959-5333-4721-B670-D0130BA46D34}.Debug|x86.ActiveCfg = Debug|Win32
		{9AD29959-5333-4721-B670-D0130BA46D34}.Debug|x86.Build.0 = Debug|Win32
		{9AD29959-5333-4721-B670-D0130BA46D34}.Release|x64.ActiveCfg = Release|x64
		{9AD29959-5333-4721-B670-D0130BA46D34}.Release|x64.Build.0 = Release|x64
		{9AD29959-5333-4721-B670-D0130BA46D34}.Release|x86.ActiveCfg = Release|Win32
		{9AD29959-5333-4721-B670-D0130BA46D34}.Release|x86.Build.0 = Release|Win32
		{F8C2AD60-F71B-497B-A535-97668D998C7F}.Debug|x64.ActiveCfg = Debug|x64
		{F8C2AD60-F71B-497B-A535-97668D998C7F}.Debug|x64.Build.0 = Debug|x64
		{F8C2AD60-F71B-497B-A535-97668D998C7F}.Debug|x86.ActiveCfg = Debug|Win32
		{F8C2AD60-F71B-497B-A535-97668D998C7F}.Debug|x86.Build.0 = Debug|Win32
		{F8C2AD60-F71B-497B-A535-97668D998C7F}.Release|x64.ActiveCfg = Release|x64
		{F8C2AD60-F71B-497B-A535-97668D998C7F}.Release|x64.Build.0 = Release|x64
		{F8C2AD60-F71B-497B-A535-97668D998C7F}.Release|x86.ActiveCfg = Release|Win32
		{F8C2AD60-F71B-497B-A535-97668D998C7F}.Release|x86.Build.0 = Release|Win32
		{5306B9B3-041B-42AB-B796-2D8C7327EBFD}.Debug|x64.ActiveCfg = Debug|x64
		{5306B9B3-041B-42AB-B796-2D8C7327EBFD}.Debug|x64.Build.0 = Debug|x64
		{5306B9B3-041B-42AB-B796-2D8C7327EBFD}.Debug|x86.ActiveCfg = Debug|Win32
		{5306B9B3-041B-42AB-B796-2D8C7327EBFD}.Debug|x86.Build.0 = Debug|Win32
		{5306B9B3-041B-42AB-B796-2D8C7327EBFD}.Release|x64.ActiveCfg = Release|x64
		{5306B9B3-041B-42AB-B796-2D8C7327EBFD}.Release|x64.Build.0 = Release|x64
		{5306B9B3-041B-42AB-B796-2D8C7327EBFD}.Release|x86.ActiveCfg = Release|Win32
		{5306B9B3-041B-42AB-B796-2D8C7327EBFD}.Release|x86.Build.0 = Release|Win32
		{C76381CE-4880-42D9-91B9-77EE4719A495}.Debug|x64.ActiveCfg = Debug|x64
		{C76381CE-4880-42D9-91B9-77EE4719A495}.Debug|x64.Build.0 = Debug|x64
		{C76381CE-4880-42D9-91B9-77EE4719A495}.Debug|x86.ActiveCfg = Debug|Win32
		{C76381CE-4880-42D9-91B9-77EE4719A495}.Debug|x86.Build.0 = Debug|Win32
		{C76381CE-4880-42D9-91B9-77EE4719A495}.Release|x64.ActiveCfg = Release|x64
		{C76381CE-4880-42D9-91B9-77EE4719A495}.Release|x64.Build.0 = Release|x64
		{C76381CE-4880-42D9-91B9-77EE4719A495}.Release|x86.ActiveCfg = Release|Win32
		{C76381CE-4880-42D9-91B9-77EE4719A495}.Release|x86.Build.0 = Release|Win32
		{5D2EF623-F779-4AD9-91D0-91BC6C582B02}.Debug|x64.ActiveCfg = Debug|x64
		{5D2EF623-F779-4AD9-91D0-91BC6C582B02}.Debug|x64.Build.0 = Debug|x64
		{5D2EF623-F779-4AD9-91D0-91BC6C582B02}.Debug|x86.ActiveCfg = Debug|Win32
		{5D2EF623-F779-4AD9-91D0-91BC6C582B02}.Debug|x86.Build.0 = Debug|Win32
		{5D2EF623-F779-4AD9-91D0-91BC6C582B02}.Release|x64.ActiveCfg = Release|x64
		{5D2EF623-F779-4AD9-91D0-91BC6C582B02}.Release|x64.Build.0 = Release|x64
		{5D2EF623-F779-4AD9-91D0-91BC6C582B02}.Release|x86.ActiveCfg = Release|Win32
		{5D2EF623-F779-4AD9-91D0-91BC6C582B02}.Release|x86.Build.0 = Release|Win32
		{55FBAC7D-6104-4937-B1D1-4A44706C66C2}.Debug|x64.ActiveCfg = Debug|x64
		{55FBAC7D-6104-4937-B1D1-4A44706C66C2}.Debug|x64.Build.0 = Debug|x64
		{55FBAC7D-6104-4937-B1D1-4A44706C66C2}.Debug|x86.ActiveCfg = Debug|Win32
		{55FBAC7D-6104-4937-B1D1-4A44706C66C2}.Debug|x86.Build.0 = Debug|Win32
		{55FBAC7D-6104-4937-B1D1-4A44706C66C2}.Release|x64.ActiveCfg = Release|x64
		{55FBAC7D-6104-4937-B1D1-4A44706C66C2}.Release|x64.Build.0 = Release|x64
		{55FBAC7D-6104-4937-B1D1-4A44706C66C2}.Release|x86.ActiveCfg = Release|Win32
		{55FBAC7D-6104-4937-B1D1-4A44706C66C2}.Release|x86.Build.0 = Release|Win32
		{0ACEBF45-8515-409B-99DE-190CD392A6FC}.Debug|x64.ActiveCfg = Debug|x64
		{0ACEBF45-8515-409B-99DE-190CD392A6FC}.Debug|x64.Build.0 = Debug|x64
		{0ACEBF45-8515-409B-99DE-190CD392A6FC}.Debug|x86.ActiveCfg = Debug|Win32
		{0ACEBF45-8515-409B-99DE-190CD392A6FC}.Debug|x86.Build.0 = Debug|Win32
		{0ACEBF45-8515-409B-99DE-190CD392A6FC}.Release|x64.ActiveCfg = Release|x64
		{0ACEBF45-8515-409B-99DE-190CD392A6FC}.Release|x64.Build.0 = Release|x64
		{0ACEBF45-8515-409B-99DE-190CD392A6FC}.Release|x86.ActiveCfg = Release|Win32
		{0ACEBF45-8515-409B-99DE-190CD392A6FC}.Release|x86.Build.0 = Release|Win32
		{2960558B-5101-4D69-9C9E-2C2827A2A622}.Debug|x64.ActiveCfg = Debug|x64
		{2960558B-5101-4D69-9C9E-2C2827A2A622}.Debug|x64.Build.0 = Debug|x64
		{2960558B-5101-4D69-9C9E-2C2827A2A622}.Debug|x86.ActiveCfg = Debug|Win32
		{2960558B-5101-4D69-9C9E-2C2827A2A622}.Debug|x86.Build.0 = Debug|Win32
		{2960558B-5101-4D69-9C9E-2C2827A2A622}.Release|x64.ActiveCfg = Release|x64
		{2960558B-5101-4D69-9C9E-2C2827A2A622}.Release|x64.Build.0 = Release|x64
		{2960558B-5101-4D69-9C9E-2C2827A2A622}.Release|x86.ActiveCfg = Release|Win32
		{2960558B-5101-4D69-9C9E-2C2827A2A622}.Release|x86.Build.0 = Release|Win32
		{BEE4328B-586D-472F-857C-9155E935240D}.Debug|x64.ActiveCfg = Debug|x64
		{BEE4328B-586D-472F-857C-9155E935240D}.Debug|x64.Build.0 = Debug|x64
		{BEE4328B-586D-472F-857C-9155E935240D}.Debug|x86.ActiveCfg = Debug|Win32
		{BEE4328B-586D-472F-857C-9155E935240D}.Debug|x86.Build.0 = Debug|Win32
		{BEE4328B-586D-472F-857C-9155E935240D}.Release|x64.ActiveCfg = Release|x64
		{BEE4328B-586D-472F-857C-9155E935240D}.Release|x64.Build.0 = Release|x64
		{BEE4328B-586D-472F-857C-9155E935240D}.Release|x86.ActiveCfg = Release|Win32
		{BEE4328B-586D-472F-857C-9155E935240D}.Release|x86.Build.0 = Release|Win32
		{7869B7FA-EF27-42F5-BEAF-2A7780F274DA}.Debug|x64.ActiveCfg = Debug|x64
		{7869B7FA-EF27-42F5-BEAF-2A7780F274DA}.Debug|x64.Build.0 = Debug|x64
		{7869B7FA-EF27-42F5-BEAF-2A7780F274DA}.Debug|x86.ActiveCfg = Debug|Win32
		{7869B7FA-EF27-42F5-BEAF-2A7780F274DA}.Debug|x86.Build.0 = Debug|Win32
		{7869B7FA-EF27-42F5-BEAF-2A7780F274DA}.Release|x64.ActiveCfg = Release|x64
		{7869B7FA-EF27-42F5-BEAF-2A7780F274DA}.Release|x64.Build.0 = Release|x64
		{7869B7FA-EF27-42F5-BEAF-2A7780F274DA}.Release|x86.ActiveCfg = Release|Win32
		{7869B7FA-EF27-42F5-BEAF-2A7780F274DA}.Release|x86.Build.0 = Release|Win32
		{DBBE5569-9DD6-48ED-9029-E760DC65528F}.Debug|x64.ActiveCfg = Debug|x64
		{DBBE5569-9DD6-48ED-9029-E760DC65528F}.Debug|x64.Build.0 = Debug|x64
		{DBBE5569-9DD6-48ED-9029-E760DC65528F}.Debug|x86.ActiveCfg = Debug|Win32
		{DBBE5569-9DD6-48ED-9029-E760DC65528F}.Debug|x86.Build.0 = Debug|Win32
		{DBBE5569-9DD6-48ED-9029-E760DC65528F}.Release|x64.ActiveCfg = Release|x64
		{DBBE5569-9DD6-48ED-9029-E760DC65528F}.Release|x64.Build.0 = Release|x64
		{DBBE5569-9DD6-48ED-9029-E760DC65528F}.Release|x86.ActiveCfg = Release|Win32
		{DBBE5569-9DD6-48ED-9029-E760DC65528F}.Release|x86.Build.0 = Release|Win32
		{C6DFB3FE-D062-4771-9B9F-AE8F4489DAFD}.Debug|x64.ActiveCfg = Debug|x64
		{C6DFB3FE-D062-4771-9B9F-AE8F4489DAFD}.Debug|x64.Build.0 = Debug|x64
		{C6DFB3FE-D062-4771-9B9F-AE8F4489DAFD}.Debug|x86.ActiveCfg = Debug|Win32
		{C6DFB3FE-D062-4771-9B9F-AE8F4489DAFD}.Debug|x86.Build.0 = Debug|Win32
		{C6DFB3FE-D062-4771-9B9F-AE8F4489DAFD}.Release|x64.ActiveCfg = Release|x64
		{C6DFB3FE-D062-4771-9B9F-AE8F4489DAFD}.Release|x64.Build.0 = Release|x64
		{C6DFB3FE-D062-4771-9B9F-AE8F4489DAFD}.Release|x86.ActiveCfg = Release|Win32
		{C6DFB3FE-D062-4771-9B9F-AE8F4489DAFD}.Release|x86.Build.0 = Release|Win32
		{28857F56-171A-4D62-9FCC-4043419E89B7}.Debug|x64.ActiveCfg = Debug|x64
		{28857F56-171A-4D62-9FCC-4043419E89B7}.Debug|x64.Build.0 = Debug|x64
		{28857F56-171A-4D62-9FCC-4043419E89B7}.Debug|x86.ActiveCfg = Debug|Win32
		{28857F56-171A-4D62-9FCC-4043419E89B7}.Debug|x86.Build.0 = Debug|Win32
		{28857F56-171A-4D62-9FCC-4043419E89B7}.Release|x64.ActiveCfg = Release|x64
		{28857F56-171A-4D62-9FCC-4043419E89B7}.Release|x64.Build.0 = Release|x64
		{28857F56-171A-4D62-9FCC-4043419E89B7}.Release|x86.ActiveCfg = Release|Win32
		{28857F56-171A-4D62-9FCC-4043419E89B7}.Release|x86.Build.0 = Release|Win32
		{CBC55DBE-B183-4171-A8C3-393229F365F0}.Debug|x64.ActiveCfg = Debug|x64
		{CBC55DBE-B183-4171-A8C3-393229F365F0}.Debug|x64.Build.0 = Debug|x64
		{CBC55DBE-B183-4171-A8C3-393229F365F0}.Debug|x86.ActiveCfg = Debug|Win32
		{CBC55DBE-B183-4171-A8C3-393229F365F0}.Debug|x86.Build.0 = Debug|Win32
		{CBC55DBE-B183-4171-A8C3-393229F365F0}.Release|x64.ActiveCfg = Release|x64
		{CBC55DBE-B183-4171-A8C3-393229F365F0}.Release|x64.Build.0 = Release|x64
		{CBC55DBE-B183-4171-A8C3-393229F365F0}.Release|x86.ActiveCfg = Release|Win32
		{CBC55DBE-B183-4171-A8C3-393229F365F0}.Release|x86.Build.0 = Release|Win32
		{B4919FE2-1E0F-4CE7-8E74-F2E46A372918}.Debug|x64.ActiveCfg = Debug|x64
		{B4919FE2-1E0F-4CE7-8E74-F2E46A372918}.Debug|x64.Build.0 = Debug|x64
		{B4919FE2-1E0F-4CE7-8E74-F2E46A372918}.Debug|x86.ActiveCfg = Debug|Win32
		{B4919FE2-1E0F-4CE7-8E74-F2E46A372918}.Debug|x86.Build.0 = Debug|Win32
		{B4919FE2-1E0F-4CE7-8E74-F2E46A372918}.Release|x64.ActiveCfg = Release|x64
		{B4919FE2-1E0F-4CE7-8E74-F2E46A372918}.Release|x64.Build.0 = Release|x64
		{B4919FE2-1E0F-4CE7-8E74-F2E46A372918}.Release|x86.ActiveCfg = Release|Win32
		{B4919FE2-1E0F-4CE7-8E74-F2E46A372918}.Release|x86.Build.0 = Release|Win32
		{D83ADC68-8A19-47F2-8756-D21666D6CDC6}.Debug|x64.ActiveCfg = Debug|x64
		{D83ADC68-8A19-47F2-8756-D21666D6CDC6}.Debug|x64.Build.0 = Debug|x64
		{D83ADC68-8A19-47F2-8756-D21666D6CDC6}.Debug|x86.ActiveCfg = Debug|Win32
		{D83ADC68-8A19-47F2-8756-D21666D6CDC6}.Debug|x86.Build.0 = Debug|Win32
		{D83ADC68-8A19-47F2-8756-D21666D6CDC6}.Release|x64.ActiveCfg = Release|x64
		{D83ADC68-8A19-47F2-8756-D21666D6CDC6}.Release|x64.Build.0 = Release|x64
		{D83ADC68-8A19-47F2-8756-D21666D6CDC6}.Release|x86.ActiveCfg = Release|Win32
		{D83ADC68-8A19-47F2-8756-D21666D6CDC6}.Release|x86.Build.0 = Release|Win32
		{580E0B04-02E0-469D-B052-7144424FB14D}.Debug|x64.ActiveCfg = Debug|x64
		{580E0B04-02E0-469D-B052-7144424FB14D}.Debug|x64.Build.0 = Debug|x64
		{580E0B04-02E0-469D-B052-7144424FB14D}.Debug|x86.ActiveCfg = Debug|Win32
		{580E0B04-02E0-469D-B052-7144424FB14D}.Debug|x86.Build.0 = Debug|Win32
		{580E0B04-02E0-469D-B052-7144424FB14D}.Release|x64.ActiveCfg = Release|x64
		{580E0B04-02E0-469D-B052-7144424FB14D}.Release|x64.Build.0 = Release|x64
		{580E0B04-02E0-469D-B052-7144424FB14D}.Release|x86.ActiveCfg = Release|Win32
		{580E0B04-02E0-469D-B052-7144424FB14D}.Release|x86.Build.0 = Release|Win32
		{72A09B70-54C3-4A52-986A-B2D2B6398D30}.Debug|x64.ActiveCfg = Debug|x64
		{72A09B70-54C3-4A52-986A-B2D2B6398D30}.Debug|x64.Build.0 = Debug|x64
		{72A09B70-54C3-4A52-986A-B2D2B6398D30}.Debug|x86.ActiveCfg = Debug|Win32
		{72A09B70-54C3-4A52-986A-B2D2B6398D30}.Debug|x86.Build.0 = Debug|Win32
		{72A09B70-54C3-4A52-986A-B2D2B6398D30}.Release|x64.ActiveCfg = Release|x64
		{72A09B70-54C3-4A52-986A-B2D2B6398D30}.Release|x64.Build.0 = Release|x64
		{72A09B70-54C3-4A52-986A-B2D2B6398D30}.Release|x86.ActiveCfg = Release|Win32
		{72A09B70-54C3-4A52-986A-B2D2B6398D30}.Release|x86.Build.0 = Release|Win32
	EndGlobalSection
	GlobalSection(SolutionProperties) = preSolution
		HideSolutionNode = FALSE
	EndGlobalSection
	GlobalSection(NestedProjects) = preSolution
		{7F7BC555-DDA6-478B-A635-860E3849D660} = {E43FF6E2-5FFE-4677-B43E-6A0338543280}
		{5A44052E-A883-49EB-94C4-9FC5E34AABE2} = {E43FF6E2-5FFE-4677-B43E-6A0338543280}
		{3EDBB5E2-7E6F-4671-BBD9-C1E30E41AE8B} = {E43FF6E2-5FFE-4677-B43E-6A0338543280}
		{55FBAC7D-6104-4937-B1D1-4A44706C66C2} = {3C34C96D-EBF4-4D27-BA1E-422A35F48F66}
		{0ACEBF45-8515-409B-99DE-190CD392A6FC} = {0E6AA47B-C5FD-4F92-95C9-D33CF0725956}
		{C6DFB3FE-D062-4771-9B9F-AE8F4489DAFD} = {847E0FF8-B235-439E-B2AF-02F179D8E652}
		{72A09B70-54C3-4A52-986A-B2D2B6398D30} = {A02887B5-DC0C-4BCA-91C3-99E4C65203E9}
	EndGlobalSection
	GlobalSection(ExtensibilityGlobals) = postSolution
		SolutionGuid = {9F8F8BA0-3F20-4C3C-AEC6-36019B01C419}
	EndGlobalSection
EndGlobal
