
Microsoft Visual Studio Solution File, Format Version 12.00
# Visual Studio Version 17
VisualStudioVersion = 17.11.35222.181
MinimumVisualStudioVersion = 10.0.40219.1
Project("{8BC9CEB8-8B4A-11D0-8D11-00A0C91BC942}") = "015_PointerOperator", "015_PointerOperator\015_PointerOperator.vcxproj", "{06EB9B1B-834F-42EA-AEAC-36617403ED3B}"
EndProject
Project("{8BC9CEB8-8B4A-11D0-8D11-00A0C91BC942}") = "005_operator", "005_operator\005_operator.vcxproj", "{757CB8CF-5FC7-4E19-80DB-F12B32DA61A6}"
EndProject
Project("{8BC9CEB8-8B4A-11D0-8D11-00A0C91BC942}") = "012_cast", "012_cast\012_cast.vcxproj", "{7130D7DB-45BF-4813-89AB-733ACCFBD945}"
EndProject
Project("{8BC9CEB8-8B4A-11D0-8D11-00A0C91BC942}") = "028_Const001", "028_Const001\028_Const001.vcxproj", "{FCB6651C-1F3C-4381-8BBB-AC7D53E2E797}"
EndProject
Project("{2150E333-8FDC-42A3-9474-1A3956D46DE8}") = "Task", "Task", "{E43FF6E2-5FFE-4677-B43E-6A0338543280}"
EndProject
Project("{8BC9CEB8-8B4A-11D0-8D11-00A0C91BC942}") = "002_Myprintf", "002_Myprintf\002_Myprintf.vcxproj", "{7F7BC555-DDA6-478B-A635-860E3849D660}"
EndProject
Project("{8BC9CEB8-8B4A-11D0-8D11-00A0C91BC942}") = "000_StringCount", "000_StringCount\000_StringCount.vcxproj", "{5A44052E-A883-49EB-94C4-9FC5E34AABE2}"
EndProject
Project("{8BC9CEB8-8B4A-11D0-8D11-00A0C91BC942}") = "001_NumberCount", "001_NumberCount\001_NumberCount.vcxproj", "{3EDBB5E2-7E6F-4671-BBD9-C1E30E41AE8B}"
EndProject
Project("{8BC9CEB8-8B4A-11D0-8D11-00A0C91BC942}") = "002_NumberToString", "002_NumberToString\002_NumberToString.vcxproj", "{55CBA8FD-DF5F-4C05-862E-509959BEFE60}"
EndProject
Project("{8BC9CEB8-8B4A-11D0-8D11-00A0C91BC942}") = "035_MemberVarAndBytePadding", "035_MemberVarAndBytePadding\035_MemberVarAndBytePadding.vcxproj", "{0F2A5514-B067-4F7A-A154-B4B352CD3A5C}"
EndProject
Project("{8BC9CEB8-8B4A-11D0-8D11-00A0C91BC942}") = "035_MemberVarAndBytePadding2", "035_MemberVarAndBytePadding2\035_MemberVarAndBytePadding2.vcxproj", "{916808F5-1A17-4D0A-A85E-5407F741B036}"
EndProject
Global
	GlobalSection(SolutionConfigurationPlatforms) = preSolution
		Debug|x64 = Debug|x64
		Debug|x86 = Debug|x86
		Release|x64 = Release|x64
		Release|x86 = Release|x86
	EndGlobalSection
	GlobalSection(ProjectConfigurationPlatforms) = postSolution
		{06EB9B1B-834F-42EA-AEAC-36617403ED3B}.Debug|x64.ActiveCfg = Debug|x64
		{06EB9B1B-834F-42EA-AEAC-36617403ED3B}.Debug|x64.Build.0 = Debug|x64
		{06EB9B1B-834F-42EA-AEAC-36617403ED3B}.Debug|x86.ActiveCfg = Debug|Win32
		{06EB9B1B-834F-42EA-AEAC-36617403ED3B}.Debug|x86.Build.0 = Debug|Win32
		{06EB9B1B-834F-42EA-AEAC-36617403ED3B}.Release|x64.ActiveCfg = Release|x64
		{06EB9B1B-834F-42EA-AEAC-36617403ED3B}.Release|x64.Build.0 = Release|x64
		{06EB9B1B-834F-42EA-AEAC-36617403ED3B}.Release|x86.ActiveCfg = Release|Win32
		{06EB9B1B-834F-42EA-AEAC-36617403ED3B}.Release|x86.Build.0 = Release|Win32
		{757CB8CF-5FC7-4E19-80DB-F12B32DA61A6}.Debug|x64.ActiveCfg = Debug|x64
		{757CB8CF-5FC7-4E19-80DB-F12B32DA61A6}.Debug|x64.Build.0 = Debug|x64
		{757CB8CF-5FC7-4E19-80DB-F12B32DA61A6}.Debug|x86.ActiveCfg = Debug|Win32
		{757CB8CF-5FC7-4E19-80DB-F12B32DA61A6}.Debug|x86.Build.0 = Debug|Win32
		{757CB8CF-5FC7-4E19-80DB-F12B32DA61A6}.Release|x64.ActiveCfg = Release|x64
		{757CB8CF-5FC7-4E19-80DB-F12B32DA61A6}.Release|x64.Build.0 = Release|x64
		{757CB8CF-5FC7-4E19-80DB-F12B32DA61A6}.Release|x86.ActiveCfg = Release|Win32
		{757CB8CF-5FC7-4E19-80DB-F12B32DA61A6}.Release|x86.Build.0 = Release|Win32
		{7130D7DB-45BF-4813-89AB-733ACCFBD945}.Debug|x64.ActiveCfg = Debug|x64
		{7130D7DB-45BF-4813-89AB-733ACCFBD945}.Debug|x64.Build.0 = Debug|x64
		{7130D7DB-45BF-4813-89AB-733ACCFBD945}.Debug|x86.ActiveCfg = Debug|Win32
		{7130D7DB-45BF-4813-89AB-733ACCFBD945}.Debug|x86.Build.0 = Debug|Win32
		{7130D7DB-45BF-4813-89AB-733ACCFBD945}.Release|x64.ActiveCfg = Release|x64
		{7130D7DB-45BF-4813-89AB-733ACCFBD945}.Release|x64.Build.0 = Release|x64
		{7130D7DB-45BF-4813-89AB-733ACCFBD945}.Release|x86.ActiveCfg = Release|Win32
		{7130D7DB-45BF-4813-89AB-733ACCFBD945}.Release|x86.Build.0 = Release|Win32
		{FCB6651C-1F3C-4381-8BBB-AC7D53E2E797}.Debug|x64.ActiveCfg = Debug|x64
		{FCB6651C-1F3C-4381-8BBB-AC7D53E2E797}.Debug|x64.Build.0 = Debug|x64
		{FCB6651C-1F3C-4381-8BBB-AC7D53E2E797}.Debug|x86.ActiveCfg = Debug|Win32
		{FCB6651C-1F3C-4381-8BBB-AC7D53E2E797}.Debug|x86.Build.0 = Debug|Win32
		{FCB6651C-1F3C-4381-8BBB-AC7D53E2E797}.Release|x64.ActiveCfg = Release|x64
		{FCB6651C-1F3C-4381-8BBB-AC7D53E2E797}.Release|x64.Build.0 = Release|x64
		{FCB6651C-1F3C-4381-8BBB-AC7D53E2E797}.Release|x86.ActiveCfg = Release|Win32
		{FCB6651C-1F3C-4381-8BBB-AC7D53E2E797}.Release|x86.Build.0 = Release|Win32
		{7F7BC555-DDA6-478B-A635-860E3849D660}.Debug|x64.ActiveCfg = Debug|x64
		{7F7BC555-DDA6-478B-A635-860E3849D660}.Debug|x64.Build.0 = Debug|x64
		{7F7BC555-DDA6-478B-A635-860E3849D660}.Debug|x86.ActiveCfg = Debug|Win32
		{7F7BC555-DDA6-478B-A635-860E3849D660}.Debug|x86.Build.0 = Debug|Win32
		{7F7BC555-DDA6-478B-A635-860E3849D660}.Release|x64.ActiveCfg = Release|x64
		{7F7BC555-DDA6-478B-A635-860E3849D660}.Release|x64.Build.0 = Release|x64
		{7F7BC555-DDA6-478B-A635-860E3849D660}.Release|x86.ActiveCfg = Release|Win32
		{7F7BC555-DDA6-478B-A635-860E3849D660}.Release|x86.Build.0 = Release|Win32
		{5A44052E-A883-49EB-94C4-9FC5E34AABE2}.Debug|x64.ActiveCfg = Debug|x64
		{5A44052E-A883-49EB-94C4-9FC5E34AABE2}.Debug|x64.Build.0 = Debug|x64
		{5A44052E-A883-49EB-94C4-9FC5E34AABE2}.Debug|x86.ActiveCfg = Debug|Win32
		{5A44052E-A883-49EB-94C4-9FC5E34AABE2}.Debug|x86.Build.0 = Debug|Win32
		{5A44052E-A883-49EB-94C4-9FC5E34AABE2}.Release|x64.ActiveCfg = Release|x64
		{5A44052E-A883-49EB-94C4-9FC5E34AABE2}.Release|x64.Build.0 = Release|x64
		{5A44052E-A883-49EB-94C4-9FC5E34AABE2}.Release|x86.ActiveCfg = Release|Win32
		{5A44052E-A883-49EB-94C4-9FC5E34AABE2}.Release|x86.Build.0 = Release|Win32
		{3EDBB5E2-7E6F-4671-BBD9-C1E30E41AE8B}.Debug|x64.ActiveCfg = Debug|x64
		{3EDBB5E2-7E6F-4671-BBD9-C1E30E41AE8B}.Debug|x64.Build.0 = Debug|x64
		{3EDBB5E2-7E6F-4671-BBD9-C1E30E41AE8B}.Debug|x86.ActiveCfg = Debug|Win32
		{3EDBB5E2-7E6F-4671-BBD9-C1E30E41AE8B}.Debug|x86.Build.0 = Debug|Win32
		{3EDBB5E2-7E6F-4671-BBD9-C1E30E41AE8B}.Release|x64.ActiveCfg = Release|x64
		{3EDBB5E2-7E6F-4671-BBD9-C1E30E41AE8B}.Release|x64.Build.0 = Release|x64
		{3EDBB5E2-7E6F-4671-BBD9-C1E30E41AE8B}.Release|x86.ActiveCfg = Release|Win32
		{3EDBB5E2-7E6F-4671-BBD9-C1E30E41AE8B}.Release|x86.Build.0 = Release|Win32
		{55CBA8FD-DF5F-4C05-862E-509959BEFE60}.Debug|x64.ActiveCfg = Debug|x64
		{55CBA8FD-DF5F-4C05-862E-509959BEFE60}.Debug|x64.Build.0 = Debug|x64
		{55CBA8FD-DF5F-4C05-862E-509959BEFE60}.Debug|x86.ActiveCfg = Debug|Win32
		{55CBA8FD-DF5F-4C05-862E-509959BEFE60}.Debug|x86.Build.0 = Debug|Win32
		{55CBA8FD-DF5F-4C05-862E-509959BEFE60}.Release|x64.ActiveCfg = Release|x64
		{55CBA8FD-DF5F-4C05-862E-509959BEFE60}.Release|x64.Build.0 = Release|x64
		{55CBA8FD-DF5F-4C05-862E-509959BEFE60}.Release|x86.ActiveCfg = Release|Win32
		{55CBA8FD-DF5F-4C05-862E-509959BEFE60}.Release|x86.Build.0 = Release|Win32
		{0F2A5514-B067-4F7A-A154-B4B352CD3A5C}.Debug|x64.ActiveCfg = Debug|x64
		{0F2A5514-B067-4F7A-A154-B4B352CD3A5C}.Debug|x64.Build.0 = Debug|x64
		{0F2A5514-B067-4F7A-A154-B4B352CD3A5C}.Debug|x86.ActiveCfg = Debug|Win32
		{0F2A5514-B067-4F7A-A154-B4B352CD3A5C}.Debug|x86.Build.0 = Debug|Win32
		{0F2A5514-B067-4F7A-A154-B4B352CD3A5C}.Release|x64.ActiveCfg = Release|x64
		{0F2A5514-B067-4F7A-A154-B4B352CD3A5C}.Release|x64.Build.0 = Release|x64
		{0F2A5514-B067-4F7A-A154-B4B352CD3A5C}.Release|x86.ActiveCfg = Release|Win32
		{0F2A5514-B067-4F7A-A154-B4B352CD3A5C}.Release|x86.Build.0 = Release|Win32
		{916808F5-1A17-4D0A-A85E-5407F741B036}.Debug|x64.ActiveCfg = Debug|x64
		{916808F5-1A17-4D0A-A85E-5407F741B036}.Debug|x64.Build.0 = Debug|x64
		{916808F5-1A17-4D0A-A85E-5407F741B036}.Debug|x86.ActiveCfg = Debug|Win32
		{916808F5-1A17-4D0A-A85E-5407F741B036}.Debug|x86.Build.0 = Debug|Win32
		{916808F5-1A17-4D0A-A85E-5407F741B036}.Release|x64.ActiveCfg = Release|x64
		{916808F5-1A17-4D0A-A85E-5407F741B036}.Release|x64.Build.0 = Release|x64
		{916808F5-1A17-4D0A-A85E-5407F741B036}.Release|x86.ActiveCfg = Release|Win32
		{916808F5-1A17-4D0A-A85E-5407F741B036}.Release|x86.Build.0 = Release|Win32
	EndGlobalSection
	GlobalSection(SolutionProperties) = preSolution
		HideSolutionNode = FALSE
	EndGlobalSection
	GlobalSection(NestedProjects) = preSolution
		{7F7BC555-DDA6-478B-A635-860E3849D660} = {E43FF6E2-5FFE-4677-B43E-6A0338543280}
		{5A44052E-A883-49EB-94C4-9FC5E34AABE2} = {E43FF6E2-5FFE-4677-B43E-6A0338543280}
		{3EDBB5E2-7E6F-4671-BBD9-C1E30E41AE8B} = {E43FF6E2-5FFE-4677-B43E-6A0338543280}
	EndGlobalSection
	GlobalSection(ExtensibilityGlobals) = postSolution
		SolutionGuid = {9F8F8BA0-3F20-4C3C-AEC6-36019B01C419}
	EndGlobalSection
EndGlobal
